
Microsoft Visual Studio Solution File, Format Version 12.00
# Visual Studio 15
VisualStudioVersion = 15.0.27428.2043
MinimumVisualStudioVersion = 10.0.40219.1
Project("{9A19103F-16F7-4668-BE54-9A1E7A4F7556}") = "CustomersApiService", "CustomersApiService\CustomersApiService.csproj", "{20DD8D3A-9667-4D0B-BB78-C72923878F88}"
EndProject
Project("{9A19103F-16F7-4668-BE54-9A1E7A4F7556}") = "ProductApiService", "ProductApiService\ProductApiService.csproj", "{8832FD44-E03E-4CB7-B1CA-EB63CFEFFE12}"
EndProject
Project("{FAE04EC0-301F-11D3-BF4B-00C04F79EFBC}") = "ConsoleApp1", "ConsoleApp1\ConsoleApp1.csproj", "{8124EB28-1931-4C3D-9273-33426117F645}"
EndProject
Project("{FAE04EC0-301F-11D3-BF4B-00C04F79EFBC}") = "ApiGateway", "ApiGateway\ApiGateway.csproj", "{20FC88DA-DE4C-4DDD-B6F6-61F6C3E9C3BF}"
EndProject
Global
	GlobalSection(SolutionConfigurationPlatforms) = preSolution
		Debug|Any CPU = Debug|Any CPU
		Release|Any CPU = Release|Any CPU
	EndGlobalSection
	GlobalSection(ProjectConfigurationPlatforms) = postSolution
		{20DD8D3A-9667-4D0B-BB78-C72923878F88}.Debug|Any CPU.ActiveCfg = Debug|Any CPU
		{20DD8D3A-9667-4D0B-BB78-C72923878F88}.Debug|Any CPU.Build.0 = Debug|Any CPU
		{20DD8D3A-9667-4D0B-BB78-C72923878F88}.Release|Any CPU.ActiveCfg = Release|Any CPU
		{20DD8D3A-9667-4D0B-BB78-C72923878F88}.Release|Any CPU.Build.0 = Release|Any CPU
		{8832FD44-E03E-4CB7-B1CA-EB63CFEFFE12}.Debug|Any CPU.ActiveCfg = Debug|Any CPU
		{8832FD44-E03E-4CB7-B1CA-EB63CFEFFE12}.Debug|Any CPU.Build.0 = Debug|Any CPU
		{8832FD44-E03E-4CB7-B1CA-EB63CFEFFE12}.Release|Any CPU.ActiveCfg = Release|Any CPU
		{8832FD44-E03E-4CB7-B1CA-EB63CFEFFE12}.Release|Any CPU.Build.0 = Release|Any CPU
		{8124EB28-1931-4C3D-9273-33426117F645}.Debug|Any CPU.ActiveCfg = Debug|Any CPU
		{8124EB28-1931-4C3D-9273-33426117F645}.Debug|Any CPU.Build.0 = Debug|Any CPU
		{8124EB28-1931-4C3D-9273-33426117F645}.Release|Any CPU.ActiveCfg = Release|Any CPU
		{8124EB28-1931-4C3D-9273-33426117F645}.Release|Any CPU.Build.0 = Release|Any CPU
		{20FC88DA-DE4C-4DDD-B6F6-61F6C3E9C3BF}.Debug|Any CPU.ActiveCfg = Debug|Any CPU
		{20FC88DA-DE4C-4DDD-B6F6-61F6C3E9C3BF}.Debug|Any CPU.Build.0 = Debug|Any CPU
		{20FC88DA-DE4C-4DDD-B6F6-61F6C3E9C3BF}.Release|Any CPU.ActiveCfg = Release|Any CPU
		{20FC88DA-DE4C-4DDD-B6F6-61F6C3E9C3BF}.Release|Any CPU.Build.0 = Release|Any CPU
	EndGlobalSection
	GlobalSection(SolutionProperties) = preSolution
		HideSolutionNode = FALSE
	EndGlobalSection
	GlobalSection(ExtensibilityGlobals) = postSolution
		SolutionGuid = {1DC664E8-A115-4AE7-906B-780A202797CC}
	EndGlobalSection
EndGlobal
